
Microsoft Visual Studio Solution File, Format Version 12.00
# Visual Studio Version 17
VisualStudioVersion = 17.13.35806.99 d17.13
MinimumVisualStudioVersion = 10.0.40219.1
Project("{FAE04EC0-301F-11D3-BF4B-00C04F79EFBC}") = "ConsoleApp1", "ConsoleApp1.csproj", "{8BB89B41-7CE7-47CD-9902-B2C7594FC6D1}"
EndProject
Global
	GlobalSection(SolutionConfigurationPlatforms) = preSolution
		Debug|Any CPU = Debug|Any CPU
		Release|Any CPU = Release|Any CPU
	EndGlobalSection
	GlobalSection(ProjectConfigurationPlatforms) = postSolution
		{8BB89B41-7CE7-47CD-9902-B2C7594FC6D1}.Debug|Any CPU.ActiveCfg = Debug|Any CPU
		{8BB89B41-7CE7-47CD-9902-B2C7594FC6D1}.Debug|Any CPU.Build.0 = Debug|Any CPU
		{8BB89B41-7CE7-47CD-9902-B2C7594FC6D1}.Release|Any CPU.ActiveCfg = Release|Any CPU
		{8BB89B41-7CE7-47CD-9902-B2C7594FC6D1}.Release|Any CPU.Build.0 = Release|Any CPU
	EndGlobalSection
	GlobalSection(SolutionProperties) = preSolution
		HideSolutionNode = FALSE
	EndGlobalSection
	GlobalSection(ExtensibilityGlobals) = postSolution
		SolutionGuid = {400A4E91-1394-467E-AED8-E3909C59CEA8}
	EndGlobalSection
EndGlobal
