
Microsoft Visual Studio Solution File, Format Version 12.00
# Visual Studio Version 17
VisualStudioVersion = 17.13.35806.99 d17.13
MinimumVisualStudioVersion = 10.0.40219.1
Project("{FAE04EC0-301F-11D3-BF4B-00C04F79EFBC}") = "Agenda 2", "Agenda 2.csproj", "{80EFE1CB-3023-40A5-8107-67499AD9F9FB}"
EndProject
Global
	GlobalSection(SolutionConfigurationPlatforms) = preSolution
		Debug|Any CPU = Debug|Any CPU
		Release|Any CPU = Release|Any CPU
	EndGlobalSection
	GlobalSection(ProjectConfigurationPlatforms) = postSolution
		{80EFE1CB-3023-40A5-8107-67499AD9F9FB}.Debug|Any CPU.ActiveCfg = Debug|Any CPU
		{80EFE1CB-3023-40A5-8107-67499AD9F9FB}.Debug|Any CPU.Build.0 = Debug|Any CPU
		{80EFE1CB-3023-40A5-8107-67499AD9F9FB}.Release|Any CPU.ActiveCfg = Release|Any CPU
		{80EFE1CB-3023-40A5-8107-67499AD9F9FB}.Release|Any CPU.Build.0 = Release|Any CPU
	EndGlobalSection
	GlobalSection(SolutionProperties) = preSolution
		HideSolutionNode = FALSE
	EndGlobalSection
	GlobalSection(ExtensibilityGlobals) = postSolution
		SolutionGuid = {43EFA6F0-F8DF-4A94-95D0-8434DE7BF90D}
	EndGlobalSection
EndGlobal
